
Microsoft Visual Studio Solution File, Format Version 12.00
# Visual Studio 15
VisualStudioVersion = 15.0.27130.2020
MinimumVisualStudioVersion = 10.0.40219.1
Project("{FAE04EC0-301F-11D3-BF4B-00C04F79EFBC}") = "CountingCharacters", "CountingCharacters\CountingCharacters.csproj", "{2F228842-56F4-4E71-B378-0FE5F8048251}"
EndProject
Global
	GlobalSection(SolutionConfigurationPlatforms) = preSolution
		Debug|Any CPU = Debug|Any CPU
		Release|Any CPU = Release|Any CPU
	EndGlobalSection
	GlobalSection(ProjectConfigurationPlatforms) = postSolution
		{2F228842-56F4-4E71-B378-0FE5F8048251}.Debug|Any CPU.ActiveCfg = Debug|Any CPU
		{2F228842-56F4-4E71-B378-0FE5F8048251}.Debug|Any CPU.Build.0 = Debug|Any CPU
		{2F228842-56F4-4E71-B378-0FE5F8048251}.Release|Any CPU.ActiveCfg = Release|Any CPU
		{2F228842-56F4-4E71-B378-0FE5F8048251}.Release|Any CPU.Build.0 = Release|Any CPU
	EndGlobalSection
	GlobalSection(SolutionProperties) = preSolution
		HideSolutionNode = FALSE
	EndGlobalSection
	GlobalSection(ExtensibilityGlobals) = postSolution
		SolutionGuid = {D1ABD525-7D84-4FE2-82C1-D130EA978601}
	EndGlobalSection
EndGlobal
