
Microsoft Visual Studio Solution File, Format Version 12.00
# Visual Studio 15
VisualStudioVersion = 15.0.27130.2020
MinimumVisualStudioVersion = 10.0.40219.1
Project("{FAE04EC0-301F-11D3-BF4B-00C04F79EFBC}") = "Area", "Area\Area.csproj", "{D9A58D3E-F56F-4ADF-9F40-8404269472C9}"
EndProject
Global
	GlobalSection(SolutionConfigurationPlatforms) = preSolution
		Debug|Any CPU = Debug|Any CPU
		Release|Any CPU = Release|Any CPU
	EndGlobalSection
	GlobalSection(ProjectConfigurationPlatforms) = postSolution
		{D9A58D3E-F56F-4ADF-9F40-8404269472C9}.Debug|Any CPU.ActiveCfg = Debug|Any CPU
		{D9A58D3E-F56F-4ADF-9F40-8404269472C9}.Debug|Any CPU.Build.0 = Debug|Any CPU
		{D9A58D3E-F56F-4ADF-9F40-8404269472C9}.Release|Any CPU.ActiveCfg = Release|Any CPU
		{D9A58D3E-F56F-4ADF-9F40-8404269472C9}.Release|Any CPU.Build.0 = Release|Any CPU
	EndGlobalSection
	GlobalSection(SolutionProperties) = preSolution
		HideSolutionNode = FALSE
	EndGlobalSection
	GlobalSection(ExtensibilityGlobals) = postSolution
		SolutionGuid = {BA47F0EF-7B6F-4ACE-AB67-CCF553CB3FED}
	EndGlobalSection
EndGlobal
